
Microsoft Visual Studio Solution File, Format Version 12.00
Project("{FAE04EC0-301F-11D3-BF4B-00C04F79EFBC}") = "FreeList", "FreeList\FreeList.csproj", "{67E47D18-AD6E-4EB4-8BEF-22BA3CAA50A5}"
EndProject
Project("{FAE04EC0-301F-11D3-BF4B-00C04F79EFBC}") = "FreeList.Test", "FreeList.Test\FreeList.Test.csproj", "{017C9480-DCCF-4A5A-B4D9-8163CC469832}"
EndProject
Global
	GlobalSection(SolutionConfigurationPlatforms) = preSolution
		Debug|Any CPU = Debug|Any CPU
		Release|Any CPU = Release|Any CPU
	EndGlobalSection
	GlobalSection(ProjectConfigurationPlatforms) = postSolution
		{67E47D18-AD6E-4EB4-8BEF-22BA3CAA50A5}.Debug|Any CPU.ActiveCfg = Debug|Any CPU
		{67E47D18-AD6E-4EB4-8BEF-22BA3CAA50A5}.Debug|Any CPU.Build.0 = Debug|Any CPU
		{67E47D18-AD6E-4EB4-8BEF-22BA3CAA50A5}.Release|Any CPU.ActiveCfg = Release|Any CPU
		{67E47D18-AD6E-4EB4-8BEF-22BA3CAA50A5}.Release|Any CPU.Build.0 = Release|Any CPU
		{017C9480-DCCF-4A5A-B4D9-8163CC469832}.Debug|Any CPU.ActiveCfg = Debug|Any CPU
		{017C9480-DCCF-4A5A-B4D9-8163CC469832}.Debug|Any CPU.Build.0 = Debug|Any CPU
		{017C9480-DCCF-4A5A-B4D9-8163CC469832}.Release|Any CPU.ActiveCfg = Release|Any CPU
		{017C9480-DCCF-4A5A-B4D9-8163CC469832}.Release|Any CPU.Build.0 = Release|Any CPU
	EndGlobalSection
EndGlobal
